// !$*UTF8*$!
{
	archiveVersion = 1;
	classes = {
	};
	objectVersion = 77;
	objects = {

/* Begin PBXBuildFile section */
		27448D652CEFF2EB0057D206 /* CoreBluetooth.framework in Frameworks */ = {isa = PBXBuildFile; fileRef = 27448D642CEFF2EB0057D206 /* CoreBluetooth.framework */; };
/* End PBXBuildFile section */

/* Begin PBXContainerItemProxy section */
		27448D472CEFF1170057D206 /* PBXContainerItemProxy */ = {
			isa = PBXContainerItemProxy;
			containerPortal = 27448D2E2CEFF1150057D206 /* Project object */;
			proxyType = 1;
			remoteGlobalIDString = 27448D352CEFF1150057D206;
			remoteInfo = SonarSenseApp;
		};
		27448D512CEFF1170057D206 /* PBXContainerItemProxy */ = {
			isa = PBXContainerItemProxy;
			containerPortal = 27448D2E2CEFF1150057D206 /* Project object */;
			proxyType = 1;
			remoteGlobalIDString = 27448D352CEFF1150057D206;
			remoteInfo = SonarSenseApp;
		};
/* End PBXContainerItemProxy section */

/* Begin PBXFileReference section */
		27448D362CEFF1150057D206 /* SonarSenseApp.app */ = {isa = PBXFileReference; explicitFileType = wrapper.application; includeInIndex = 0; path = SonarSenseApp.app; sourceTree = BUILT_PRODUCTS_DIR; };
		27448D462CEFF1170057D206 /* SonarSenseAppTests.xctest */ = {isa = PBXFileReference; explicitFileType = wrapper.cfbundle; includeInIndex = 0; path = SonarSenseAppTests.xctest; sourceTree = BUILT_PRODUCTS_DIR; };
		27448D502CEFF1170057D206 /* SonarSenseAppUITests.xctest */ = {isa = PBXFileReference; explicitFileType = wrapper.cfbundle; includeInIndex = 0; path = SonarSenseAppUITests.xctest; sourceTree = BUILT_PRODUCTS_DIR; };
		27448D642CEFF2EB0057D206 /* CoreBluetooth.framework */ = {isa = PBXFileReference; lastKnownFileType = wrapper.framework; name = CoreBluetooth.framework; path = System/Library/Frameworks/CoreBluetooth.framework; sourceTree = SDKROOT; };
/* End PBXFileReference section */

/* Begin PBXFileSystemSynchronizedRootGroup section */
		27448D382CEFF1150057D206 /* SonarSenseApp */ = {
			isa = PBXFileSystemSynchronizedRootGroup;
			path = SonarSenseApp;
			sourceTree = "<group>";
		};
		27448D492CEFF1170057D206 /* SonarSenseAppTests */ = {
			isa = PBXFileSystemSynchronizedRootGroup;
			path = SonarSenseAppTests;
			sourceTree = "<group>";
		};
		27448D532CEFF1170057D206 /* SonarSenseAppUITests */ = {
			isa = PBXFileSystemSynchronizedRootGroup;
			path = SonarSenseAppUITests;
			sourceTree = "<group>";
		};
/* End PBXFileSystemSynchronizedRootGroup section */

/* Begin PBXFrameworksBuildPhase section */
		27448D332CEFF1150057D206 /* Frameworks */ = {
			isa = PBXFrameworksBuildPhase;
			buildActionMask = 2147483647;
			files = (
				27448D652CEFF2EB0057D206 /* CoreBluetooth.framework in Frameworks */,
			);
			runOnlyForDeploymentPostprocessing = 0;
		};
		27448D432CEFF1170057D206 /* Frameworks */ = {
			isa = PBXFrameworksBuildPhase;
			buildActionMask = 2147483647;
			files = (
			);
			runOnlyForDeploymentPostprocessing = 0;
		};
		27448D4D2CEFF1170057D206 /* Frameworks */ = {
			isa = PBXFrameworksBuildPhase;
			buildActionMask = 2147483647;
			files = (
			);
			runOnlyForDeploymentPostprocessing = 0;
		};
/* End PBXFrameworksBuildPhase section */

/* Begin PBXGroup section */
		27448D2D2CEFF1150057D206 = {
			isa = PBXGroup;
			children = (
				27448D382CEFF1150057D206 /* SonarSenseApp */,
				27448D492CEFF1170057D206 /* SonarSenseAppTests */,
				27448D532CEFF1170057D206 /* SonarSenseAppUITests */,
				27448D632CEFF2EA0057D206 /* Frameworks */,
				27448D372CEFF1150057D206 /* Products */,
			);
			sourceTree = "<group>";
		};
		27448D372CEFF1150057D206 /* Products */ = {
			isa = PBXGroup;
			children = (
				27448D362CEFF1150057D206 /* SonarSenseApp.app */,
				27448D462CEFF1170057D206 /* SonarSenseAppTests.xctest */,
				27448D502CEFF1170057D206 /* SonarSenseAppUITests.xctest */,
			);
			name = Products;
			sourceTree = "<group>";
		};
		27448D632CEFF2EA0057D206 /* Frameworks */ = {
			isa = PBXGroup;
			children = (
				27448D642CEFF2EB0057D206 /* CoreBluetooth.framework */,
			);
			name = Frameworks;
			sourceTree = "<group>";
		};
/* End PBXGroup section */

/* Begin PBXNativeTarget section */
		27448D352CEFF1150057D206 /* SonarSenseApp */ = {
			isa = PBXNativeTarget;
			buildConfigurationList = 27448D5A2CEFF1170057D206 /* Build configuration list for PBXNativeTarget "SonarSenseApp" */;
			buildPhases = (
				27448D322CEFF1150057D206 /* Sources */,
				27448D332CEFF1150057D206 /* Frameworks */,
				27448D342CEFF1150057D206 /* Resources */,
			);
			buildRules = (
			);
			dependencies = (
			);
			fileSystemSynchronizedGroups = (
				27448D382CEFF1150057D206 /* SonarSenseApp */,
			);
			name = SonarSenseApp;
			packageProductDependencies = (
			);
			productName = SonarSenseApp;
			productReference = 27448D362CEFF1150057D206 /* SonarSenseApp.app */;
			productType = "com.apple.product-type.application";
		};
		27448D452CEFF1170057D206 /* SonarSenseAppTests */ = {
			isa = PBXNativeTarget;
			buildConfigurationList = 27448D5D2CEFF1170057D206 /* Build configuration list for PBXNativeTarget "SonarSenseAppTests" */;
			buildPhases = (
				27448D422CEFF1170057D206 /* Sources */,
				27448D432CEFF1170057D206 /* Frameworks */,
				27448D442CEFF1170057D206 /* Resources */,
			);
			buildRules = (
			);
			dependencies = (
				27448D482CEFF1170057D206 /* PBXTargetDependency */,
			);
			fileSystemSynchronizedGroups = (
				27448D492CEFF1170057D206 /* SonarSenseAppTests */,
			);
			name = SonarSenseAppTests;
			packageProductDependencies = (
			);
			productName = SonarSenseAppTests;
			productReference = 27448D462CEFF1170057D206 /* SonarSenseAppTests.xctest */;
			productType = "com.apple.product-type.bundle.unit-test";
		};
		27448D4F2CEFF1170057D206 /* SonarSenseAppUITests */ = {
			isa = PBXNativeTarget;
			buildConfigurationList = 27448D602CEFF1170057D206 /* Build configuration list for PBXNativeTarget "SonarSenseAppUITests" */;
			buildPhases = (
				27448D4C2CEFF1170057D206 /* Sources */,
				27448D4D2CEFF1170057D206 /* Frameworks */,
				27448D4E2CEFF1170057D206 /* Resources */,
			);
			buildRules = (
			);
			dependencies = (
				27448D522CEFF1170057D206 /* PBXTargetDependency */,
			);
			fileSystemSynchronizedGroups = (
				27448D532CEFF1170057D206 /* SonarSenseAppUITests */,
			);
			name = SonarSenseAppUITests;
			packageProductDependencies = (
			);
			productName = SonarSenseAppUITests;
			productReference = 27448D502CEFF1170057D206 /* SonarSenseAppUITests.xctest */;
			productType = "com.apple.product-type.bundle.ui-testing";
		};
/* End PBXNativeTarget section */

/* Begin PBXProject section */
		27448D2E2CEFF1150057D206 /* Project object */ = {
			isa = PBXProject;
			attributes = {
				BuildIndependentTargetsInParallel = 1;
				LastSwiftUpdateCheck = 1610;
				LastUpgradeCheck = 1610;
				TargetAttributes = {
					27448D352CEFF1150057D206 = {
						CreatedOnToolsVersion = 16.1;
					};
					27448D452CEFF1170057D206 = {
						CreatedOnToolsVersion = 16.1;
						TestTargetID = 27448D352CEFF1150057D206;
					};
					27448D4F2CEFF1170057D206 = {
						CreatedOnToolsVersion = 16.1;
						TestTargetID = 27448D352CEFF1150057D206;
					};
				};
			};
			buildConfigurationList = 27448D312CEFF1150057D206 /* Build configuration list for PBXProject "SonarSenseApp" */;
			developmentRegion = en;
			hasScannedForEncodings = 0;
			knownRegions = (
				en,
				Base,
			);
			mainGroup = 27448D2D2CEFF1150057D206;
			minimizedProjectReferenceProxies = 1;
			preferredProjectObjectVersion = 77;
			productRefGroup = 27448D372CEFF1150057D206 /* Products */;
			projectDirPath = "";
			projectRoot = "";
			targets = (
				27448D352CEFF1150057D206 /* SonarSenseApp */,
				27448D452CEFF1170057D206 /* SonarSenseAppTests */,
				27448D4F2CEFF1170057D206 /* SonarSenseAppUITests */,
			);
		};
/* End PBXProject section */

/* Begin PBXResourcesBuildPhase section */
		27448D342CEFF1150057D206 /* Resources */ = {
			isa = PBXResourcesBuildPhase;
			buildActionMask = 2147483647;
			files = (
			);
			runOnlyForDeploymentPostprocessing = 0;
		};
		27448D442CEFF1170057D206 /* Resources */ = {
			isa = PBXResourcesBuildPhase;
			buildActionMask = 2147483647;
			files = (
			);
			runOnlyForDeploymentPostprocessing = 0;
		};
		27448D4E2CEFF1170057D206 /* Resources */ = {
			isa = PBXResourcesBuildPhase;
			buildActionMask = 2147483647;
			files = (
			);
			runOnlyForDeploymentPostprocessing = 0;
		};
/* End PBXResourcesBuildPhase section */

/* Begin PBXSourcesBuildPhase section */
		27448D322CEFF1150057D206 /* Sources */ = {
			isa = PBXSourcesBuildPhase;
			buildActionMask = 2147483647;
			files = (
			);
			runOnlyForDeploymentPostprocessing = 0;
		};
		27448D422CEFF1170057D206 /* Sources */ = {
			isa = PBXSourcesBuildPhase;
			buildActionMask = 2147483647;
			files = (
			);
			runOnlyForDeploymentPostprocessing = 0;
		};
		27448D4C2CEFF1170057D206 /* Sources */ = {
			isa = PBXSourcesBuildPhase;
			buildActionMask = 2147483647;
			files = (
			);
			runOnlyForDeploymentPostprocessing = 0;
		};
/* End PBXSourcesBuildPhase section */

/* Begin PBXTargetDependency section */
		27448D482CEFF1170057D206 /* PBXTargetDependency */ = {
			isa = PBXTargetDependency;
			target = 27448D352CEFF1150057D206 /* SonarSenseApp */;
			targetProxy = 27448D472CEFF1170057D206 /* PBXContainerItemProxy */;
		};
		27448D522CEFF1170057D206 /* PBXTargetDependency */ = {
			isa = PBXTargetDependency;
			target = 27448D352CEFF1150057D206 /* SonarSenseApp */;
			targetProxy = 27448D512CEFF1170057D206 /* PBXContainerItemProxy */;
		};
/* End PBXTargetDependency section */

/* Begin XCBuildConfiguration section */
		27448D582CEFF1170057D206 /* Debug */ = {
			isa = XCBuildConfiguration;
			buildSettings = {
				ALWAYS_SEARCH_USER_PATHS = NO;
				ASSETCATALOG_COMPILER_GENERATE_SWIFT_ASSET_SYMBOL_EXTENSIONS = YES;
				CLANG_ANALYZER_NONNULL = YES;
				CLANG_ANALYZER_NUMBER_OBJECT_CONVERSION = YES_AGGRESSIVE;
				CLANG_CXX_LANGUAGE_STANDARD = "gnu++20";
				CLANG_ENABLE_MODULES = YES;
				CLANG_ENABLE_OBJC_ARC = YES;
				CLANG_ENABLE_OBJC_WEAK = YES;
				CLANG_WARN_BLOCK_CAPTURE_AUTORELEASING = YES;
				CLANG_WARN_BOOL_CONVERSION = YES;
				CLANG_WARN_COMMA = YES;
				CLANG_WARN_CONSTANT_CONVERSION = YES;
				CLANG_WARN_DEPRECATED_OBJC_IMPLEMENTATIONS = YES;
				CLANG_WARN_DIRECT_OBJC_ISA_USAGE = YES_ERROR;
				CLANG_WARN_DOCUMENTATION_COMMENTS = YES;
				CLANG_WARN_EMPTY_BODY = YES;
				CLANG_WARN_ENUM_CONVERSION = YES;
				CLANG_WARN_INFINITE_RECURSION = YES;
				CLANG_WARN_INT_CONVERSION = YES;
				CLANG_WARN_NON_LITERAL_NULL_CONVERSION = YES;
				CLANG_WARN_OBJC_IMPLICIT_RETAIN_SELF = YES;
				CLANG_WARN_OBJC_LITERAL_CONVERSION = YES;
				CLANG_WARN_OBJC_ROOT_CLASS = YES_ERROR;
				CLANG_WARN_QUOTED_INCLUDE_IN_FRAMEWORK_HEADER = YES;
				CLANG_WARN_RANGE_LOOP_ANALYSIS = YES;
				CLANG_WARN_STRICT_PROTOTYPES = YES;
				CLANG_WARN_SUSPICIOUS_MOVE = YES;
				CLANG_WARN_UNGUARDED_AVAILABILITY = YES_AGGRESSIVE;
				CLANG_WARN_UNREACHABLE_CODE = YES;
				CLANG_WARN__DUPLICATE_METHOD_MATCH = YES;
				COPY_PHASE_STRIP = NO;
				DEBUG_INFORMATION_FORMAT = dwarf;
				ENABLE_STRICT_OBJC_MSGSEND = YES;
				ENABLE_TESTABILITY = YES;
				ENABLE_USER_SCRIPT_SANDBOXING = YES;
				GCC_C_LANGUAGE_STANDARD = gnu17;
				GCC_DYNAMIC_NO_PIC = NO;
				GCC_NO_COMMON_BLOCKS = YES;
				GCC_OPTIMIZATION_LEVEL = 0;
				GCC_PREPROCESSOR_DEFINITIONS = (
					"DEBUG=1",
					"$(inherited)",
				);
				GCC_WARN_64_TO_32_BIT_CONVERSION = YES;
				GCC_WARN_ABOUT_RETURN_TYPE = YES_ERROR;
				GCC_WARN_UNDECLARED_SELECTOR = YES;
				GCC_WARN_UNINITIALIZED_AUTOS = YES_AGGRESSIVE;
				GCC_WARN_UNUSED_FUNCTION = YES;
				GCC_WARN_UNUSED_VARIABLE = YES;
				IPHONEOS_DEPLOYMENT_TARGET = 18.1;
				LOCALIZATION_PREFERS_STRING_CATALOGS = YES;
				MTL_ENABLE_DEBUG_INFO = INCLUDE_SOURCE;
				MTL_FAST_MATH = YES;
				ONLY_ACTIVE_ARCH = YES;
				SDKROOT = iphoneos;
				SWIFT_ACTIVE_COMPILATION_CONDITIONS = "DEBUG $(inherited)";
				SWIFT_OPTIMIZATION_LEVEL = "-Onone";
			};
			name = Debug;
		};
		27448D592CEFF1170057D206 /* Release */ = {
			isa = XCBuildConfiguration;
			buildSettings = {
				ALWAYS_SEARCH_USER_PATHS = NO;
				ASSETCATALOG_COMPILER_GENERATE_SWIFT_ASSET_SYMBOL_EXTENSIONS = YES;
				CLANG_ANALYZER_NONNULL = YES;
				CLANG_ANALYZER_NUMBER_OBJECT_CONVERSION = YES_AGGRESSIVE;
				CLANG_CXX_LANGUAGE_STANDARD = "gnu++20";
				CLANG_ENABLE_MODULES = YES;
				CLANG_ENABLE_OBJC_ARC = YES;
				CLANG_ENABLE_OBJC_WEAK = YES;
				CLANG_WARN_BLOCK_CAPTURE_AUTORELEASING = YES;
				CLANG_WARN_BOOL_CONVERSION = YES;
				CLANG_WARN_COMMA = YES;
				CLANG_WARN_CONSTANT_CONVERSION = YES;
				CLANG_WARN_DEPRECATED_OBJC_IMPLEMENTATIONS = YES;
				CLANG_WARN_DIRECT_OBJC_ISA_USAGE = YES_ERROR;
				CLANG_WARN_DOCUMENTATION_COMMENTS = YES;
				CLANG_WARN_EMPTY_BODY = YES;
				CLANG_WARN_ENUM_CONVERSION = YES;
				CLANG_WARN_INFINITE_RECURSION = YES;
				CLANG_WARN_INT_CONVERSION = YES;
				CLANG_WARN_NON_LITERAL_NULL_CONVERSION = YES;
				CLANG_WARN_OBJC_IMPLICIT_RETAIN_SELF = YES;
				CLANG_WARN_OBJC_LITERAL_CONVERSION = YES;
				CLANG_WARN_OBJC_ROOT_CLASS = YES_ERROR;
				CLANG_WARN_QUOTED_INCLUDE_IN_FRAMEWORK_HEADER = YES;
				CLANG_WARN_RANGE_LOOP_ANALYSIS = YES;
				CLANG_WARN_STRICT_PROTOTYPES = YES;
				CLANG_WARN_SUSPICIOUS_MOVE = YES;
				CLANG_WARN_UNGUARDED_AVAILABILITY = YES_AGGRESSIVE;
				CLANG_WARN_UNREACHABLE_CODE = YES;
				CLANG_WARN__DUPLICATE_METHOD_MATCH = YES;
				COPY_PHASE_STRIP = NO;
				DEBUG_INFORMATION_FORMAT = "dwarf-with-dsym";
				ENABLE_NS_ASSERTIONS = NO;
				ENABLE_STRICT_OBJC_MSGSEND = YES;
				ENABLE_USER_SCRIPT_SANDBOXING = YES;
				GCC_C_LANGUAGE_STANDARD = gnu17;
				GCC_NO_COMMON_BLOCKS = YES;
				GCC_WARN_64_TO_32_BIT_CONVERSION = YES;
				GCC_WARN_ABOUT_RETURN_TYPE = YES_ERROR;
				GCC_WARN_UNDECLARED_SELECTOR = YES;
				GCC_WARN_UNINITIALIZED_AUTOS = YES_AGGRESSIVE;
				GCC_WARN_UNUSED_FUNCTION = YES;
				GCC_WARN_UNUSED_VARIABLE = YES;
				IPHONEOS_DEPLOYMENT_TARGET = 18.1;
				LOCALIZATION_PREFERS_STRING_CATALOGS = YES;
				MTL_ENABLE_DEBUG_INFO = NO;
				MTL_FAST_MATH = YES;
				SDKROOT = iphoneos;
				SWIFT_COMPILATION_MODE = wholemodule;
				VALIDATE_PRODUCT = YES;
			};
			name = Release;
		};
		27448D5B2CEFF1170057D206 /* Debug */ = {
			isa = XCBuildConfiguration;
			buildSettings = {
				ASSETCATALOG_COMPILER_APPICON_NAME = AppIcon;
				ASSETCATALOG_COMPILER_GLOBAL_ACCENT_COLOR_NAME = AccentColor;
				CODE_SIGN_STYLE = Automatic;
				CURRENT_PROJECT_VERSION = 1;
				DEVELOPMENT_ASSET_PATHS = "\"SonarSenseApp/Preview Content\"";
				ENABLE_PREVIEWS = YES;
				GENERATE_INFOPLIST_FILE = YES;
				INFOPLIST_KEY_UIApplicationSceneManifest_Generation = YES;
				INFOPLIST_KEY_UIApplicationSupportsIndirectInputEvents = YES;
				INFOPLIST_KEY_UILaunchScreen_Generation = YES;
				INFOPLIST_KEY_UISupportedInterfaceOrientations_iPad = "UIInterfaceOrientationPortrait UIInterfaceOrientationPortraitUpsideDown UIInterfaceOrientationLandscapeLeft UIInterfaceOrientationLandscapeRight";
				INFOPLIST_KEY_UISupportedInterfaceOrientations_iPhone = "UIInterfaceOrientationPortrait UIInterfaceOrientationLandscapeLeft UIInterfaceOrientationLandscapeRight";
				LD_RUNPATH_SEARCH_PATHS = (
					"$(inherited)",
					"@executable_path/Frameworks",
				);
				MARKETING_VERSION = 1.0;
				PRODUCT_BUNDLE_IDENTIFIER = farha.SonarSenseApp;
				PRODUCT_NAME = "$(TARGET_NAME)";
				SWIFT_EMIT_LOC_STRINGS = YES;
				SWIFT_VERSION = 5.0;
				TARGETED_DEVICE_FAMILY = "1,2";
			};
			name = Debug;
		};
		27448D5C2CEFF1170057D206 /* Release */ = {
			isa = XCBuildConfiguration;
			buildSettings = {
				ASSETCATALOG_COMPILER_APPICON_NAME = AppIcon;
				ASSETCATALOG_COMPILER_GLOBAL_ACCENT_COLOR_NAME = AccentColor;
				CODE_SIGN_STYLE = Automatic;
				CURRENT_PROJECT_VERSION = 1;
				DEVELOPMENT_ASSET_PATHS = "\"SonarSenseApp/Preview Content\"";
				ENABLE_PREVIEWS = YES;
				GENERATE_INFOPLIST_FILE = YES;
				INFOPLIST_KEY_UIApplicationSceneManifest_Generation = YES;
				INFOPLIST_KEY_UIApplicationSupportsIndirectInputEvents = YES;
				INFOPLIST_KEY_UILaunchScreen_Generation = YES;
				INFOPLIST_KEY_UISupportedInterfaceOrientations_iPad = "UIInterfaceOrientationPortrait UIInterfaceOrientationPortraitUpsideDown UIInterfaceOrientationLandscapeLeft UIInterfaceOrientationLandscapeRight";
				INFOPLIST_KEY_UISupportedInterfaceOrientations_iPhone = "UIInterfaceOrientationPortrait UIInterfaceOrientationLandscapeLeft UIInterfaceOrientationLandscapeRight";
				LD_RUNPATH_SEARCH_PATHS = (
					"$(inherited)",
					"@executable_path/Frameworks",
				);
				MARKETING_VERSION = 1.0;
				PRODUCT_BUNDLE_IDENTIFIER = farha.SonarSenseApp;
				PRODUCT_NAME = "$(TARGET_NAME)";
				SWIFT_EMIT_LOC_STRINGS = YES;
				SWIFT_VERSION = 5.0;
				TARGETED_DEVICE_FAMILY = "1,2";
			};
			name = Release;
		};
		27448D5E2CEFF1170057D206 /* Debug */ = {
			isa = XCBuildConfiguration;
			buildSettings = {
				BUNDLE_LOADER = "$(TEST_HOST)";
				CODE_SIGN_STYLE = Automatic;
				CURRENT_PROJECT_VERSION = 1;
				GENERATE_INFOPLIST_FILE = YES;
				IPHONEOS_DEPLOYMENT_TARGET = 18.1;
				MARKETING_VERSION = 1.0;
				PRODUCT_BUNDLE_IDENTIFIER = farha.SonarSenseAppTests;
				PRODUCT_NAME = "$(TARGET_NAME)";
				SWIFT_EMIT_LOC_STRINGS = NO;
				SWIFT_VERSION = 5.0;
				TARGETED_DEVICE_FAMILY = "1,2";
				TEST_HOST = "$(BUILT_PRODUCTS_DIR)/SonarSenseApp.app/$(BUNDLE_EXECUTABLE_FOLDER_PATH)/SonarSenseApp";
			};
			name = Debug;
		};
		27448D5F2CEFF1170057D206 /* Release */ = {
			isa = XCBuildConfiguration;
			buildSettings = {
				BUNDLE_LOADER = "$(TEST_HOST)";
				CODE_SIGN_STYLE = Automatic;
				CURRENT_PROJECT_VERSION = 1;
				GENERATE_INFOPLIST_FILE = YES;
				IPHONEOS_DEPLOYMENT_TARGET = 18.1;
				MARKETING_VERSION = 1.0;
				PRODUCT_BUNDLE_IDENTIFIER = farha.SonarSenseAppTests;
				PRODUCT_NAME = "$(TARGET_NAME)";
				SWIFT_EMIT_LOC_STRINGS = NO;
				SWIFT_VERSION = 5.0;
				TARGETED_DEVICE_FAMILY = "1,2";
				TEST_HOST = "$(BUILT_PRODUCTS_DIR)/SonarSenseApp.app/$(BUNDLE_EXECUTABLE_FOLDER_PATH)/SonarSenseApp";
			};
			name = Release;
		};
		27448D612CEFF1170057D206 /* Debug */ = {
			isa = XCBuildConfiguration;
			buildSettings = {
				CODE_SIGN_STYLE = Automatic;
				CURRENT_PROJECT_VERSION = 1;
				GENERATE_INFOPLIST_FILE = YES;
				MARKETING_VERSION = 1.0;
				PRODUCT_BUNDLE_IDENTIFIER = farha.SonarSenseAppUITests;
				PRODUCT_NAME = "$(TARGET_NAME)";
				SWIFT_EMIT_LOC_STRINGS = NO;
				SWIFT_VERSION = 5.0;
				TARGETED_DEVICE_FAMILY = "1,2";
				TEST_TARGET_NAME = SonarSenseApp;
			};
			name = Debug;
		};
		27448D622CEFF1170057D206 /* Release */ = {
			isa = XCBuildConfiguration;
			buildSettings = {
				CODE_SIGN_STYLE = Automatic;
				CURRENT_PROJECT_VERSION = 1;
				GENERATE_INFOPLIST_FILE = YES;
				MARKETING_VERSION = 1.0;
				PRODUCT_BUNDLE_IDENTIFIER = farha.SonarSenseAppUITests;
				PRODUCT_NAME = "$(TARGET_NAME)";
				SWIFT_EMIT_LOC_STRINGS = NO;
				SWIFT_VERSION = 5.0;
				TARGETED_DEVICE_FAMILY = "1,2";
				TEST_TARGET_NAME = SonarSenseApp;
			};
			name = Release;
		};
/* End XCBuildConfiguration section */

/* Begin XCConfigurationList section */
		27448D312CEFF1150057D206 /* Build configuration list for PBXProject "SonarSenseApp" */ = {
			isa = XCConfigurationList;
			buildConfigurations = (
				27448D582CEFF1170057D206 /* Debug */,
				27448D592CEFF1170057D206 /* Release */,
			);
			defaultConfigurationIsVisible = 0;
			defaultConfigurationName = Release;
		};
		27448D5A2CEFF1170057D206 /* Build configuration list for PBXNativeTarget "SonarSenseApp" */ = {
			isa = XCConfigurationList;
			buildConfigurations = (
				27448D5B2CEFF1170057D206 /* Debug */,
				27448D5C2CEFF1170057D206 /* Release */,
			);
			defaultConfigurationIsVisible = 0;
			defaultConfigurationName = Release;
		};
		27448D5D2CEFF1170057D206 /* Build configuration list for PBXNativeTarget "SonarSenseAppTests" */ = {
			isa = XCConfigurationList;
			buildConfigurations = (
				27448D5E2CEFF1170057D206 /* Debug */,
				27448D5F2CEFF1170057D206 /* Release */,
			);
			defaultConfigurationIsVisible = 0;
			defaultConfigurationName = Release;
		};
		27448D602CEFF1170057D206 /* Build configuration list for PBXNativeTarget "SonarSenseAppUITests" */ = {
			isa = XCConfigurationList;
			buildConfigurations = (
				27448D612CEFF1170057D206 /* Debug */,
				27448D622CEFF1170057D206 /* Release */,
			);
			defaultConfigurationIsVisible = 0;
			defaultConfigurationName = Release;
		};
/* End XCConfigurationList section */
	};
	rootObject = 27448D2E2CEFF1150057D206 /* Project object */;
}
